// !$*UTF8*$!
{
	archiveVersion = 1;
	classes = {
	};
	objectVersion = 46;
	objects = {

/* Begin PBXBuildFile section */
		8F68BB6B1E95577100AF291C /* BookViewVC.swift in Sources */ = {isa = PBXBuildFile; fileRef = 8F68BB6A1E95577100AF291C /* BookViewVC.swift */; };
		8FC077E11E94DC710085E875 /* TableViewSixVC.swift in Sources */ = {isa = PBXBuildFile; fileRef = 8FC077E01E94DC710085E875 /* TableViewSixVC.swift */; };
		8FC077E31E94DCC20085E875 /* SixVCCell.swift in Sources */ = {isa = PBXBuildFile; fileRef = 8FC077E21E94DCC20085E875 /* SixVCCell.swift */; };
		8FC077E51E94E02D0085E875 /* CustomViewClass.swift in Sources */ = {isa = PBXBuildFile; fileRef = 8FC077E41E94E02D0085E875 /* CustomViewClass.swift */; };
		8FDAC7A81E9416FF0063FF34 /* AppDelegate.swift in Sources */ = {isa = PBXBuildFile; fileRef = 8FDAC7A71E9416FF0063FF34 /* AppDelegate.swift */; };
		8FDAC7AD1E9416FF0063FF34 /* Main.storyboard in Resources */ = {isa = PBXBuildFile; fileRef = 8FDAC7AB1E9416FF0063FF34 /* Main.storyboard */; };
		8FDAC7B01E9416FF0063FF34 /* NCTB_APP.xcdatamodeld in Sources */ = {isa = PBXBuildFile; fileRef = 8FDAC7AE1E9416FF0063FF34 /* NCTB_APP.xcdatamodeld */; };
		8FDAC7B21E9416FF0063FF34 /* Assets.xcassets in Resources */ = {isa = PBXBuildFile; fileRef = 8FDAC7B11E9416FF0063FF34 /* Assets.xcassets */; };
		8FDAC7B51E9416FF0063FF34 /* LaunchScreen.storyboard in Resources */ = {isa = PBXBuildFile; fileRef = 8FDAC7B31E9416FF0063FF34 /* LaunchScreen.storyboard */; };
		8FDAC7C01E9417000063FF34 /* NCTB_APPTests.swift in Sources */ = {isa = PBXBuildFile; fileRef = 8FDAC7BF1E9417000063FF34 /* NCTB_APPTests.swift */; };
		8FDAC7CB1E9417000063FF34 /* NCTB_APPUITests.swift in Sources */ = {isa = PBXBuildFile; fileRef = 8FDAC7CA1E9417000063FF34 /* NCTB_APPUITests.swift */; };
		8FDAC7D91E9417400063FF34 /* CollectionVC.swift in Sources */ = {isa = PBXBuildFile; fileRef = 8FDAC7D81E9417400063FF34 /* CollectionVC.swift */; };
		8FDAC7DB1E941BAF0063FF34 /* CollectionCellVC.swift in Sources */ = {isa = PBXBuildFile; fileRef = 8FDAC7DA1E941BAF0063FF34 /* CollectionCellVC.swift */; };
/* End PBXBuildFile section */

/* Begin PBXContainerItemProxy section */
		8FDAC7BC1E9417000063FF34 /* PBXContainerItemProxy */ = {
			isa = PBXContainerItemProxy;
			containerPortal = 8FDAC79C1E9416FF0063FF34 /* Project object */;
			proxyType = 1;
			remoteGlobalIDString = 8FDAC7A31E9416FF0063FF34;
			remoteInfo = NCTB_APP;
		};
		8FDAC7C71E9417000063FF34 /* PBXContainerItemProxy */ = {
			isa = PBXContainerItemProxy;
			containerPortal = 8FDAC79C1E9416FF0063FF34 /* Project object */;
			proxyType = 1;
			remoteGlobalIDString = 8FDAC7A31E9416FF0063FF34;
			remoteInfo = NCTB_APP;
		};
/* End PBXContainerItemProxy section */

/* Begin PBXFileReference section */
		8F68BB6A1E95577100AF291C /* BookViewVC.swift */ = {isa = PBXFileReference; fileEncoding = 4; lastKnownFileType = sourcecode.swift; path = BookViewVC.swift; sourceTree = "<group>"; };
		8FC077E01E94DC710085E875 /* TableViewSixVC.swift */ = {isa = PBXFileReference; fileEncoding = 4; lastKnownFileType = sourcecode.swift; path = TableViewSixVC.swift; sourceTree = "<group>"; };
		8FC077E21E94DCC20085E875 /* SixVCCell.swift */ = {isa = PBXFileReference; fileEncoding = 4; lastKnownFileType = sourcecode.swift; path = SixVCCell.swift; sourceTree = "<group>"; };
		8FC077E41E94E02D0085E875 /* CustomViewClass.swift */ = {isa = PBXFileReference; fileEncoding = 4; lastKnownFileType = sourcecode.swift; path = CustomViewClass.swift; sourceTree = "<group>"; };
		8FDAC7A41E9416FF0063FF34 /* NCTB_APP.app */ = {isa = PBXFileReference; explicitFileType = wrapper.application; includeInIndex = 0; path = NCTB_APP.app; sourceTree = BUILT_PRODUCTS_DIR; };
		8FDAC7A71E9416FF0063FF34 /* AppDelegate.swift */ = {isa = PBXFileReference; lastKnownFileType = sourcecode.swift; path = AppDelegate.swift; sourceTree = "<group>"; };
		8FDAC7AC1E9416FF0063FF34 /* Base */ = {isa = PBXFileReference; lastKnownFileType = file.storyboard; name = Base; path = Base.lproj/Main.storyboard; sourceTree = "<group>"; };
		8FDAC7AF1E9416FF0063FF34 /* NCTB_APP.xcdatamodel */ = {isa = PBXFileReference; lastKnownFileType = wrapper.xcdatamodel; path = NCTB_APP.xcdatamodel; sourceTree = "<group>"; };
		8FDAC7B11E9416FF0063FF34 /* Assets.xcassets */ = {isa = PBXFileReference; lastKnownFileType = folder.assetcatalog; path = Assets.xcassets; sourceTree = "<group>"; };
		8FDAC7B41E9416FF0063FF34 /* Base */ = {isa = PBXFileReference; lastKnownFileType = file.storyboard; name = Base; path = Base.lproj/LaunchScreen.storyboard; sourceTree = "<group>"; };
		8FDAC7B61E9416FF0063FF34 /* Info.plist */ = {isa = PBXFileReference; lastKnownFileType = text.plist.xml; path = Info.plist; sourceTree = "<group>"; };
		8FDAC7BB1E9417000063FF34 /* NCTB_APPTests.xctest */ = {isa = PBXFileReference; explicitFileType = wrapper.cfbundle; includeInIndex = 0; path = NCTB_APPTests.xctest; sourceTree = BUILT_PRODUCTS_DIR; };
		8FDAC7BF1E9417000063FF34 /* NCTB_APPTests.swift */ = {isa = PBXFileReference; lastKnownFileType = sourcecode.swift; path = NCTB_APPTests.swift; sourceTree = "<group>"; };
		8FDAC7C11E9417000063FF34 /* Info.plist */ = {isa = PBXFileReference; lastKnownFileType = text.plist.xml; path = Info.plist; sourceTree = "<group>"; };
		8FDAC7C61E9417000063FF34 /* NCTB_APPUITests.xctest */ = {isa = PBXFileReference; explicitFileType = wrapper.cfbundle; includeInIndex = 0; path = NCTB_APPUITests.xctest; sourceTree = BUILT_PRODUCTS_DIR; };
		8FDAC7CA1E9417000063FF34 /* NCTB_APPUITests.swift */ = {isa = PBXFileReference; lastKnownFileType = sourcecode.swift; path = NCTB_APPUITests.swift; sourceTree = "<group>"; };
		8FDAC7CC1E9417000063FF34 /* Info.plist */ = {isa = PBXFileReference; lastKnownFileType = text.plist.xml; path = Info.plist; sourceTree = "<group>"; };
		8FDAC7D81E9417400063FF34 /* CollectionVC.swift */ = {isa = PBXFileReference; fileEncoding = 4; lastKnownFileType = sourcecode.swift; path = CollectionVC.swift; sourceTree = "<group>"; };
		8FDAC7DA1E941BAF0063FF34 /* CollectionCellVC.swift */ = {isa = PBXFileReference; fileEncoding = 4; lastKnownFileType = sourcecode.swift; path = CollectionCellVC.swift; sourceTree = "<group>"; };
/* End PBXFileReference section */

/* Begin PBXFrameworksBuildPhase section */
		8FDAC7A11E9416FF0063FF34 /* Frameworks */ = {
			isa = PBXFrameworksBuildPhase;
			buildActionMask = 2147483647;
			files = (
			);
			runOnlyForDeploymentPostprocessing = 0;
		};
		8FDAC7B81E9417000063FF34 /* Frameworks */ = {
			isa = PBXFrameworksBuildPhase;
			buildActionMask = 2147483647;
			files = (
			);
			runOnlyForDeploymentPostprocessing = 0;
		};
		8FDAC7C31E9417000063FF34 /* Frameworks */ = {
			isa = PBXFrameworksBuildPhase;
			buildActionMask = 2147483647;
			files = (
			);
			runOnlyForDeploymentPostprocessing = 0;
		};
/* End PBXFrameworksBuildPhase section */

/* Begin PBXGroup section */
		8FDAC79B1E9416FF0063FF34 = {
			isa = PBXGroup;
			children = (
				8FDAC7A61E9416FF0063FF34 /* NCTB_APP */,
				8FDAC7BE1E9417000063FF34 /* NCTB_APPTests */,
				8FDAC7C91E9417000063FF34 /* NCTB_APPUITests */,
				8FDAC7A51E9416FF0063FF34 /* Products */,
			);
			sourceTree = "<group>";
		};
		8FDAC7A51E9416FF0063FF34 /* Products */ = {
			isa = PBXGroup;
			children = (
				8FDAC7A41E9416FF0063FF34 /* NCTB_APP.app */,
				8FDAC7BB1E9417000063FF34 /* NCTB_APPTests.xctest */,
				8FDAC7C61E9417000063FF34 /* NCTB_APPUITests.xctest */,
			);
			name = Products;
			sourceTree = "<group>";
		};
		8FDAC7A61E9416FF0063FF34 /* NCTB_APP */ = {
			isa = PBXGroup;
			children = (
				8FDAC7A71E9416FF0063FF34 /* AppDelegate.swift */,
				8FDAC7AB1E9416FF0063FF34 /* Main.storyboard */,
				8FDAC7B11E9416FF0063FF34 /* Assets.xcassets */,
				8FDAC7B31E9416FF0063FF34 /* LaunchScreen.storyboard */,
				8FDAC7B61E9416FF0063FF34 /* Info.plist */,
				8FDAC7AE1E9416FF0063FF34 /* NCTB_APP.xcdatamodeld */,
				8FDAC7D81E9417400063FF34 /* CollectionVC.swift */,
				8FDAC7DA1E941BAF0063FF34 /* CollectionCellVC.swift */,
				8FC077E01E94DC710085E875 /* TableViewSixVC.swift */,
				8FC077E21E94DCC20085E875 /* SixVCCell.swift */,
				8FC077E41E94E02D0085E875 /* CustomViewClass.swift */,
				8F68BB6A1E95577100AF291C /* BookViewVC.swift */,
			);
			path = NCTB_APP;
			sourceTree = "<group>";
		};
		8FDAC7BE1E9417000063FF34 /* NCTB_APPTests */ = {
			isa = PBXGroup;
			children = (
				8FDAC7BF1E9417000063FF34 /* NCTB_APPTests.swift */,
				8FDAC7C11E9417000063FF34 /* Info.plist */,
			);
			path = NCTB_APPTests;
			sourceTree = "<group>";
		};
		8FDAC7C91E9417000063FF34 /* NCTB_APPUITests */ = {
			isa = PBXGroup;
			children = (
				8FDAC7CA1E9417000063FF34 /* NCTB_APPUITests.swift */,
				8FDAC7CC1E9417000063FF34 /* Info.plist */,
			);
			path = NCTB_APPUITests;
			sourceTree = "<group>";
		};
/* End PBXGroup section */

/* Begin PBXNativeTarget section */
		8FDAC7A31E9416FF0063FF34 /* NCTB_APP */ = {
			isa = PBXNativeTarget;
			buildConfigurationList = 8FDAC7CF1E9417000063FF34 /* Build configuration list for PBXNativeTarget "NCTB_APP" */;
			buildPhases = (
				8FDAC7A01E9416FF0063FF34 /* Sources */,
				8FDAC7A11E9416FF0063FF34 /* Frameworks */,
				8FDAC7A21E9416FF0063FF34 /* Resources */,
			);
			buildRules = (
			);
			dependencies = (
			);
			name = NCTB_APP;
			productName = NCTB_APP;
			productReference = 8FDAC7A41E9416FF0063FF34 /* NCTB_APP.app */;
			productType = "com.apple.product-type.application";
		};
		8FDAC7BA1E9417000063FF34 /* NCTB_APPTests */ = {
			isa = PBXNativeTarget;
			buildConfigurationList = 8FDAC7D21E9417000063FF34 /* Build configuration list for PBXNativeTarget "NCTB_APPTests" */;
			buildPhases = (
				8FDAC7B71E9417000063FF34 /* Sources */,
				8FDAC7B81E9417000063FF34 /* Frameworks */,
				8FDAC7B91E9417000063FF34 /* Resources */,
			);
			buildRules = (
			);
			dependencies = (
				8FDAC7BD1E9417000063FF34 /* PBXTargetDependency */,
			);
			name = NCTB_APPTests;
			productName = NCTB_APPTests;
			productReference = 8FDAC7BB1E9417000063FF34 /* NCTB_APPTests.xctest */;
			productType = "com.apple.product-type.bundle.unit-test";
		};
		8FDAC7C51E9417000063FF34 /* NCTB_APPUITests */ = {
			isa = PBXNativeTarget;
			buildConfigurationList = 8FDAC7D51E9417000063FF34 /* Build configuration list for PBXNativeTarget "NCTB_APPUITests" */;
			buildPhases = (
				8FDAC7C21E9417000063FF34 /* Sources */,
				8FDAC7C31E9417000063FF34 /* Frameworks */,
				8FDAC7C41E9417000063FF34 /* Resources */,
			);
			buildRules = (
			);
			dependencies = (
				8FDAC7C81E9417000063FF34 /* PBXTargetDependency */,
			);
			name = NCTB_APPUITests;
			productName = NCTB_APPUITests;
			productReference = 8FDAC7C61E9417000063FF34 /* NCTB_APPUITests.xctest */;
			productType = "com.apple.product-type.bundle.ui-testing";
		};
/* End PBXNativeTarget section */

/* Begin PBXProject section */
		8FDAC79C1E9416FF0063FF34 /* Project object */ = {
			isa = PBXProject;
			attributes = {
				LastSwiftUpdateCheck = 0820;
				LastUpgradeCheck = 0820;
				ORGANIZATIONNAME = "Sanzid Ashan";
				TargetAttributes = {
					8FDAC7A31E9416FF0063FF34 = {
						CreatedOnToolsVersion = 8.2.1;
						ProvisioningStyle = Automatic;
					};
					8FDAC7BA1E9417000063FF34 = {
						CreatedOnToolsVersion = 8.2.1;
						ProvisioningStyle = Automatic;
						TestTargetID = 8FDAC7A31E9416FF0063FF34;
					};
					8FDAC7C51E9417000063FF34 = {
						CreatedOnToolsVersion = 8.2.1;
						ProvisioningStyle = Automatic;
						TestTargetID = 8FDAC7A31E9416FF0063FF34;
					};
				};
			};
			buildConfigurationList = 8FDAC79F1E9416FF0063FF34 /* Build configuration list for PBXProject "NCTB_APP" */;
			compatibilityVersion = "Xcode 3.2";
			developmentRegion = English;
			hasScannedForEncodings = 0;
			knownRegions = (
				en,
				Base,
			);
			mainGroup = 8FDAC79B1E9416FF0063FF34;
			productRefGroup = 8FDAC7A51E9416FF0063FF34 /* Products */;
			projectDirPath = "";
			projectRoot = "";
			targets = (
				8FDAC7A31E9416FF0063FF34 /* NCTB_APP */,
				8FDAC7BA1E9417000063FF34 /* NCTB_APPTests */,
				8FDAC7C51E9417000063FF34 /* NCTB_APPUITests */,
			);
		};
/* End PBXProject section */

/* Begin PBXResourcesBuildPhase section */
		8FDAC7A21E9416FF0063FF34 /* Resources */ = {
			isa = PBXResourcesBuildPhase;
			buildActionMask = 2147483647;
			files = (
				8FDAC7B51E9416FF0063FF34 /* LaunchScreen.storyboard in Resources */,
				8FDAC7B21E9416FF0063FF34 /* Assets.xcassets in Resources */,
				8FDAC7AD1E9416FF0063FF34 /* Main.storyboard in Resources */,
			);
			runOnlyForDeploymentPostprocessing = 0;
		};
		8FDAC7B91E9417000063FF34 /* Resources */ = {
			isa = PBXResourcesBuildPhase;
			buildActionMask = 2147483647;
			files = (
			);
			runOnlyForDeploymentPostprocessing = 0;
		};
		8FDAC7C41E9417000063FF34 /* Resources */ = {
			isa = PBXResourcesBuildPhase;
			buildActionMask = 2147483647;
			files = (
			);
			runOnlyForDeploymentPostprocessing = 0;
		};
/* End PBXResourcesBuildPhase section */

/* Begin PBXSourcesBuildPhase section */
		8FDAC7A01E9416FF0063FF34 /* Sources */ = {
			isa = PBXSourcesBuildPhase;
			buildActionMask = 2147483647;
			files = (
				8FC077E31E94DCC20085E875 /* SixVCCell.swift in Sources */,
				8FDAC7B01E9416FF0063FF34 /* NCTB_APP.xcdatamodeld in Sources */,
				8F68BB6B1E95577100AF291C /* BookViewVC.swift in Sources */,
				8FDAC7D91E9417400063FF34 /* CollectionVC.swift in Sources */,
				8FDAC7DB1E941BAF0063FF34 /* CollectionCellVC.swift in Sources */,
				8FC077E11E94DC710085E875 /* TableViewSixVC.swift in Sources */,
				8FDAC7A81E9416FF0063FF34 /* AppDelegate.swift in Sources */,
				8FC077E51E94E02D0085E875 /* CustomViewClass.swift in Sources */,
			);
			runOnlyForDeploymentPostprocessing = 0;
		};
		8FDAC7B71E9417000063FF34 /* Sources */ = {
			isa = PBXSourcesBuildPhase;
			buildActionMask = 2147483647;
			files = (
				8FDAC7C01E9417000063FF34 /* NCTB_APPTests.swift in Sources */,
			);
			runOnlyForDeploymentPostprocessing = 0;
		};
		8FDAC7C21E9417000063FF34 /* Sources */ = {
			isa = PBXSourcesBuildPhase;
			buildActionMask = 2147483647;
			files = (
				8FDAC7CB1E9417000063FF34 /* NCTB_APPUITests.swift in Sources */,
			);
			runOnlyForDeploymentPostprocessing = 0;
		};
/* End PBXSourcesBuildPhase section */

/* Begin PBXTargetDependency section */
		8FDAC7BD1E9417000063FF34 /* PBXTargetDependency */ = {
			isa = PBXTargetDependency;
			target = 8FDAC7A31E9416FF0063FF34 /* NCTB_APP */;
			targetProxy = 8FDAC7BC1E9417000063FF34 /* PBXContainerItemProxy */;
		};
		8FDAC7C81E9417000063FF34 /* PBXTargetDependency */ = {
			isa = PBXTargetDependency;
			target = 8FDAC7A31E9416FF0063FF34 /* NCTB_APP */;
			targetProxy = 8FDAC7C71E9417000063FF34 /* PBXContainerItemProxy */;
		};
/* End PBXTargetDependency section */

/* Begin PBXVariantGroup section */
		8FDAC7AB1E9416FF0063FF34 /* Main.storyboard */ = {
			isa = PBXVariantGroup;
			children = (
				8FDAC7AC1E9416FF0063FF34 /* Base */,
			);
			name = Main.storyboard;
			sourceTree = "<group>";
		};
		8FDAC7B31E9416FF0063FF34 /* LaunchScreen.storyboard */ = {
			isa = PBXVariantGroup;
			children = (
				8FDAC7B41E9416FF0063FF34 /* Base */,
			);
			name = LaunchScreen.storyboard;
			sourceTree = "<group>";
		};
/* End PBXVariantGroup section */

/* Begin XCBuildConfiguration section */
		8FDAC7CD1E9417000063FF34 /* Debug */ = {
			isa = XCBuildConfiguration;
			buildSettings = {
				ALWAYS_SEARCH_USER_PATHS = NO;
				CLANG_ANALYZER_NONNULL = YES;
				CLANG_CXX_LANGUAGE_STANDARD = "gnu++0x";
				CLANG_CXX_LIBRARY = "libc++";
				CLANG_ENABLE_MODULES = YES;
				CLANG_ENABLE_OBJC_ARC = YES;
				CLANG_WARN_BOOL_CONVERSION = YES;
				CLANG_WARN_CONSTANT_CONVERSION = YES;
				CLANG_WARN_DIRECT_OBJC_ISA_USAGE = YES_ERROR;
				CLANG_WARN_DOCUMENTATION_COMMENTS = YES;
				CLANG_WARN_EMPTY_BODY = YES;
				CLANG_WARN_ENUM_CONVERSION = YES;
				CLANG_WARN_INFINITE_RECURSION = YES;
				CLANG_WARN_INT_CONVERSION = YES;
				CLANG_WARN_OBJC_ROOT_CLASS = YES_ERROR;
				CLANG_WARN_SUSPICIOUS_MOVE = YES;
				CLANG_WARN_UNREACHABLE_CODE = YES;
				CLANG_WARN__DUPLICATE_METHOD_MATCH = YES;
				"CODE_SIGN_IDENTITY[sdk=iphoneos*]" = "iPhone Developer";
				COPY_PHASE_STRIP = NO;
				DEBUG_INFORMATION_FORMAT = dwarf;
				ENABLE_STRICT_OBJC_MSGSEND = YES;
				ENABLE_TESTABILITY = YES;
				GCC_C_LANGUAGE_STANDARD = gnu99;
				GCC_DYNAMIC_NO_PIC = NO;
				GCC_NO_COMMON_BLOCKS = YES;
				GCC_OPTIMIZATION_LEVEL = 0;
				GCC_PREPROCESSOR_DEFINITIONS = (
					"DEBUG=1",
					"$(inherited)",
				);
				GCC_WARN_64_TO_32_BIT_CONVERSION = YES;
				GCC_WARN_ABOUT_RETURN_TYPE = YES_ERROR;
				GCC_WARN_UNDECLARED_SELECTOR = YES;
				GCC_WARN_UNINITIALIZED_AUTOS = YES_AGGRESSIVE;
				GCC_WARN_UNUSED_FUNCTION = YES;
				GCC_WARN_UNUSED_VARIABLE = YES;
				IPHONEOS_DEPLOYMENT_TARGET = 10.2;
				MTL_ENABLE_DEBUG_INFO = YES;
				ONLY_ACTIVE_ARCH = YES;
				SDKROOT = iphoneos;
				SWIFT_ACTIVE_COMPILATION_CONDITIONS = DEBUG;
				SWIFT_OPTIMIZATION_LEVEL = "-Onone";
				TARGETED_DEVICE_FAMILY = "1,2";
			};
			name = Debug;
		};
		8FDAC7CE1E9417000063FF34 /* Release */ = {
			isa = XCBuildConfiguration;
			buildSettings = {
				ALWAYS_SEARCH_USER_PATHS = NO;
				CLANG_ANALYZER_NONNULL = YES;
				CLANG_CXX_LANGUAGE_STANDARD = "gnu++0x";
				CLANG_CXX_LIBRARY = "libc++";
				CLANG_ENABLE_MODULES = YES;
				CLANG_ENABLE_OBJC_ARC = YES;
				CLANG_WARN_BOOL_CONVERSION = YES;
				CLANG_WARN_CONSTANT_CONVERSION = YES;
				CLANG_WARN_DIRECT_OBJC_ISA_USAGE = YES_ERROR;
				CLANG_WARN_DOCUMENTATION_COMMENTS = YES;
				CLANG_WARN_EMPTY_BODY = YES;
				CLANG_WARN_ENUM_CONVERSION = YES;
				CLANG_WARN_INFINITE_RECURSION = YES;
				CLANG_WARN_INT_CONVERSION = YES;
				CLANG_WARN_OBJC_ROOT_CLASS = YES_ERROR;
				CLANG_WARN_SUSPICIOUS_MOVE = YES;
				CLANG_WARN_UNREACHABLE_CODE = YES;
				CLANG_WARN__DUPLICATE_METHOD_MATCH = YES;
				"CODE_SIGN_IDENTITY[sdk=iphoneos*]" = "iPhone Developer";
				COPY_PHASE_STRIP = NO;
				DEBUG_INFORMATION_FORMAT = "dwarf-with-dsym";
				ENABLE_NS_ASSERTIONS = NO;
				ENABLE_STRICT_OBJC_MSGSEND = YES;
				GCC_C_LANGUAGE_STANDARD = gnu99;
				GCC_NO_COMMON_BLOCKS = YES;
				GCC_WARN_64_TO_32_BIT_CONVERSION = YES;
				GCC_WARN_ABOUT_RETURN_TYPE = YES_ERROR;
				GCC_WARN_UNDECLARED_SELECTOR = YES;
				GCC_WARN_UNINITIALIZED_AUTOS = YES_AGGRESSIVE;
				GCC_WARN_UNUSED_FUNCTION = YES;
				GCC_WARN_UNUSED_VARIABLE = YES;
				IPHONEOS_DEPLOYMENT_TARGET = 10.2;
				MTL_ENABLE_DEBUG_INFO = NO;
				SDKROOT = iphoneos;
				SWIFT_OPTIMIZATION_LEVEL = "-Owholemodule";
				TARGETED_DEVICE_FAMILY = "1,2";
				VALIDATE_PRODUCT = YES;
			};
			name = Release;
		};
		8FDAC7D01E9417000063FF34 /* Debug */ = {
			isa = XCBuildConfiguration;
			buildSettings = {
				ASSETCATALOG_COMPILER_APPICON_NAME = AppIcon;
				INFOPLIST_FILE = NCTB_APP/Info.plist;
				LD_RUNPATH_SEARCH_PATHS = "$(inherited) @executable_path/Frameworks";
				PRODUCT_BUNDLE_IDENTIFIER = "Self.NCTB-APP";
				PRODUCT_NAME = "$(TARGET_NAME)";
				SWIFT_VERSION = 3.0;
			};
			name = Debug;
		};
		8FDAC7D11E9417000063FF34 /* Release */ = {
			isa = XCBuildConfiguration;
			buildSettings = {
				ASSETCATALOG_COMPILER_APPICON_NAME = AppIcon;
				INFOPLIST_FILE = NCTB_APP/Info.plist;
				LD_RUNPATH_SEARCH_PATHS = "$(inherited) @executable_path/Frameworks";
				PRODUCT_BUNDLE_IDENTIFIER = "Self.NCTB-APP";
				PRODUCT_NAME = "$(TARGET_NAME)";
				SWIFT_VERSION = 3.0;
			};
			name = Release;
		};
		8FDAC7D31E9417000063FF34 /* Debug */ = {
			isa = XCBuildConfiguration;
			buildSettings = {
				ALWAYS_EMBED_SWIFT_STANDARD_LIBRARIES = YES;
				BUNDLE_LOADER = "$(TEST_HOST)";
				INFOPLIST_FILE = NCTB_APPTests/Info.plist;
				LD_RUNPATH_SEARCH_PATHS = "$(inherited) @executable_path/Frameworks @loader_path/Frameworks";
				PRODUCT_BUNDLE_IDENTIFIER = "Self.NCTB-APPTests";
				PRODUCT_NAME = "$(TARGET_NAME)";
				SWIFT_VERSION = 3.0;
				TEST_HOST = "$(BUILT_PRODUCTS_DIR)/NCTB_APP.app/NCTB_APP";
			};
			name = Debug;
		};
		8FDAC7D41E9417000063FF34 /* Release */ = {
			isa = XCBuildConfiguration;
			buildSettings = {
				ALWAYS_EMBED_SWIFT_STANDARD_LIBRARIES = YES;
				BUNDLE_LOADER = "$(TEST_HOST)";
				INFOPLIST_FILE = NCTB_APPTests/Info.plist;
				LD_RUNPATH_SEARCH_PATHS = "$(inherited) @executable_path/Frameworks @loader_path/Frameworks";
				PRODUCT_BUNDLE_IDENTIFIER = "Self.NCTB-APPTests";
				PRODUCT_NAME = "$(TARGET_NAME)";
				SWIFT_VERSION = 3.0;
				TEST_HOST = "$(BUILT_PRODUCTS_DIR)/NCTB_APP.app/NCTB_APP";
			};
			name = Release;
		};
		8FDAC7D61E9417000063FF34 /* Debug */ = {
			isa = XCBuildConfiguration;
			buildSettings = {
				ALWAYS_EMBED_SWIFT_STANDARD_LIBRARIES = YES;
				INFOPLIST_FILE = NCTB_APPUITests/Info.plist;
				LD_RUNPATH_SEARCH_PATHS = "$(inherited) @executable_path/Frameworks @loader_path/Frameworks";
				PRODUCT_BUNDLE_IDENTIFIER = "Self.NCTB-APPUITests";
				PRODUCT_NAME = "$(TARGET_NAME)";
				SWIFT_VERSION = 3.0;
				TEST_TARGET_NAME = NCTB_APP;
			};
			name = Debug;
		};
		8FDAC7D71E9417000063FF34 /* Release */ = {
			isa = XCBuildConfiguration;
			buildSettings = {
				ALWAYS_EMBED_SWIFT_STANDARD_LIBRARIES = YES;
				INFOPLIST_FILE = NCTB_APPUITests/Info.plist;
				LD_RUNPATH_SEARCH_PATHS = "$(inherited) @executable_path/Frameworks @loader_path/Frameworks";
				PRODUCT_BUNDLE_IDENTIFIER = "Self.NCTB-APPUITests";
				PRODUCT_NAME = "$(TARGET_NAME)";
				SWIFT_VERSION = 3.0;
				TEST_TARGET_NAME = NCTB_APP;
			};
			name = Release;
		};
/* End XCBuildConfiguration section */

/* Begin XCConfigurationList section */
		8FDAC79F1E9416FF0063FF34 /* Build configuration list for PBXProject "NCTB_APP" */ = {
			isa = XCConfigurationList;
			buildConfigurations = (
				8FDAC7CD1E9417000063FF34 /* Debug */,
				8FDAC7CE1E9417000063FF34 /* Release */,
			);
			defaultConfigurationIsVisible = 0;
			defaultConfigurationName = Release;
		};
		8FDAC7CF1E9417000063FF34 /* Build configuration list for PBXNativeTarget "NCTB_APP" */ = {
			isa = XCConfigurationList;
			buildConfigurations = (
				8FDAC7D01E9417000063FF34 /* Debug */,
				8FDAC7D11E9417000063FF34 /* Release */,
			);
			defaultConfigurationIsVisible = 0;
			defaultConfigurationName = Release;
		};
		8FDAC7D21E9417000063FF34 /* Build configuration list for PBXNativeTarget "NCTB_APPTests" */ = {
			isa = XCConfigurationList;
			buildConfigurations = (
				8FDAC7D31E9417000063FF34 /* Debug */,
				8FDAC7D41E9417000063FF34 /* Release */,
			);
			defaultConfigurationIsVisible = 0;
			defaultConfigurationName = Release;
		};
		8FDAC7D51E9417000063FF34 /* Build configuration list for PBXNativeTarget "NCTB_APPUITests" */ = {
			isa = XCConfigurationList;
			buildConfigurations = (
				8FDAC7D61E9417000063FF34 /* Debug */,
				8FDAC7D71E9417000063FF34 /* Release */,
			);
			defaultConfigurationIsVisible = 0;
			defaultConfigurationName = Release;
		};
/* End XCConfigurationList section */

/* Begin XCVersionGroup section */
		8FDAC7AE1E9416FF0063FF34 /* NCTB_APP.xcdatamodeld */ = {
			isa = XCVersionGroup;
			children = (
				8FDAC7AF1E9416FF0063FF34 /* NCTB_APP.xcdatamodel */,
			);
			currentVersion = 8FDAC7AF1E9416FF0063FF34 /* NCTB_APP.xcdatamodel */;
			path = NCTB_APP.xcdatamodeld;
			sourceTree = "<group>";
			versionGroupType = wrapper.xcdatamodel;
		};
/* End XCVersionGroup section */
	};
	rootObject = 8FDAC79C1E9416FF0063FF34 /* Project object */;
}
